
Microsoft Visual Studio Solution File, Format Version 12.00
# Visual Studio 15
VisualStudioVersion = 15.0.28010.2046
MinimumVisualStudioVersion = 10.0.40219.1
Project("{2150E333-8FDC-42A3-9474-1A3956D46DE8}") = "Solution Items", "Solution Items", "{78CE476E-C871-4B81-B21E-405C0A46CD6D}"
	ProjectSection(SolutionItems) = preProject
		TestSettings.testsettings = TestSettings.testsettings
	EndProjectSection
EndProject
Project("{FAE04EC0-301F-11D3-BF4B-00C04F79EFBC}") = "TestManager.Common", "TestManager.Common\TestManager.Common.csproj", "{6B61D924-DE5A-4102-BA40-67A526633901}"
EndProject
Project("{FAE04EC0-301F-11D3-BF4B-00C04F79EFBC}") = "TestManager.Tests", "TestManager.Tests\TestManager.Tests.csproj", "{44192100-AFCB-49FE-BA93-EABA39B5EF5A}"
EndProject
Project("{FAE04EC0-301F-11D3-BF4B-00C04F79EFBC}") = "TestManager.Tools", "TestManager.Tools\TestManager.Tools.csproj", "{A172DE61-0B16-4F30-B621-25F6CE131C88}"
EndProject
Global
	GlobalSection(SolutionConfigurationPlatforms) = preSolution
		Debug|Any CPU = Debug|Any CPU
		Debug|x86 = Debug|x86
		Release|Any CPU = Release|Any CPU
		Release|x86 = Release|x86
	EndGlobalSection
	GlobalSection(ProjectConfigurationPlatforms) = postSolution
		{6B61D924-DE5A-4102-BA40-67A526633901}.Debug|Any CPU.ActiveCfg = Debug|Any CPU
		{6B61D924-DE5A-4102-BA40-67A526633901}.Debug|Any CPU.Build.0 = Debug|Any CPU
		{6B61D924-DE5A-4102-BA40-67A526633901}.Debug|x86.ActiveCfg = Debug|Any CPU
		{6B61D924-DE5A-4102-BA40-67A526633901}.Debug|x86.Build.0 = Debug|Any CPU
		{6B61D924-DE5A-4102-BA40-67A526633901}.Release|Any CPU.ActiveCfg = Release|Any CPU
		{6B61D924-DE5A-4102-BA40-67A526633901}.Release|Any CPU.Build.0 = Release|Any CPU
		{6B61D924-DE5A-4102-BA40-67A526633901}.Release|x86.ActiveCfg = Release|Any CPU
		{6B61D924-DE5A-4102-BA40-67A526633901}.Release|x86.Build.0 = Release|Any CPU
		{44192100-AFCB-49FE-BA93-EABA39B5EF5A}.Debug|Any CPU.ActiveCfg = Debug|Any CPU
		{44192100-AFCB-49FE-BA93-EABA39B5EF5A}.Debug|Any CPU.Build.0 = Debug|Any CPU
		{44192100-AFCB-49FE-BA93-EABA39B5EF5A}.Debug|x86.ActiveCfg = Debug|x86
		{44192100-AFCB-49FE-BA93-EABA39B5EF5A}.Debug|x86.Build.0 = Debug|x86
		{44192100-AFCB-49FE-BA93-EABA39B5EF5A}.Release|Any CPU.ActiveCfg = Release|Any CPU
		{44192100-AFCB-49FE-BA93-EABA39B5EF5A}.Release|Any CPU.Build.0 = Release|Any CPU
		{44192100-AFCB-49FE-BA93-EABA39B5EF5A}.Release|x86.ActiveCfg = Release|x86
		{44192100-AFCB-49FE-BA93-EABA39B5EF5A}.Release|x86.Build.0 = Release|x86
		{A172DE61-0B16-4F30-B621-25F6CE131C88}.Debug|Any CPU.ActiveCfg = Debug|Any CPU
		{A172DE61-0B16-4F30-B621-25F6CE131C88}.Debug|Any CPU.Build.0 = Debug|Any CPU
		{A172DE61-0B16-4F30-B621-25F6CE131C88}.Debug|x86.ActiveCfg = Debug|Any CPU
		{A172DE61-0B16-4F30-B621-25F6CE131C88}.Debug|x86.Build.0 = Debug|Any CPU
		{A172DE61-0B16-4F30-B621-25F6CE131C88}.Release|Any CPU.ActiveCfg = Release|Any CPU
		{A172DE61-0B16-4F30-B621-25F6CE131C88}.Release|Any CPU.Build.0 = Release|Any CPU
		{A172DE61-0B16-4F30-B621-25F6CE131C88}.Release|x86.ActiveCfg = Release|Any CPU
		{A172DE61-0B16-4F30-B621-25F6CE131C88}.Release|x86.Build.0 = Release|Any CPU
	EndGlobalSection
	GlobalSection(SolutionProperties) = preSolution
		HideSolutionNode = FALSE
	EndGlobalSection
	GlobalSection(ExtensibilityGlobals) = postSolution
		SolutionGuid = {0462DFB7-2CE4-4DB8-B691-4D128F764E83}
	EndGlobalSection
EndGlobal
